{
  "name": "bch-bot",
  "version": "0.4.1",
  "lockfileVersion": 3,
  "requires": true,
  "packages": {
    "": {
      "name": "bch-bot",
      "version": "0.4.1",
      "license": "MIT",
      "dependencies": {
        "@bch-wc2/interfaces": "0.0.16",
        "@bitauth/libauth": "3.1.0-next.8",
        "@cashlab/cauldron": "1.0.3",
        "@cashlab/common": "1.0.5",
        "@electrum-cash/network": "4.3.0",
        "@electrum-cash/web-socket": "4.0.3",
        "@wizardconnect/core": "0.2.4",
        "@wizardconnect/wallet": "0.2.3"
      },
      "bin": {
        "bch-bot": "bin/bch-bot"
      },
      "engines": {
        "node": ">=22"
      }
    },
    "node_modules/@bch-wc2/interfaces": {
      "version": "0.0.16",
      "resolved": "https://registry.npmjs.org/@bch-wc2/interfaces/-/interfaces-0.0.16.tgz",
      "integrity": "sha512-Rz7ygOnuJHrf3jEOfbB6hdkatbYEKCSHGqccFmJ+HtYcwZM3ZenPKWqWkFFgPncuQpGAbZVpegclMXJImjaAkA==",
      "license": "MIT",
      "peerDependencies": {
        "@bitauth/libauth": "^3.1.0-next.8"
      }
    },
    "node_modules/@bitauth/libauth": {
      "version": "3.1.0-next.8",
      "resolved": "https://registry.npmjs.org/@bitauth/libauth/-/libauth-3.1.0-next.8.tgz",
      "integrity": "sha512-Pm+Ju+YP3JeBLLTiVrBnia2wwE4G17r4XqpvPRMcklElJTe8J6x3JgKRg1by0Xm3ZY6UFxACkEAoSA+x419/zA==",
      "license": "MIT",
      "engines": {
        "node": "^12.20.0 || ^14.13.1 || >=16.0.0"
      }
    },
    "node_modules/@cashlab/cauldron": {
      "version": "1.0.3",
      "resolved": "https://registry.npmjs.org/@cashlab/cauldron/-/cauldron-1.0.3.tgz",
      "integrity": "sha512-prWQTiXf9sUpqP8qMK2pr/Y5RQw1b1hk5aH3nqZEyTF46fdaDyQwoKwM+szPrLQhxarLgEHWKFSAPL2Ga+uoHQ==",
      "license": "ISC",
      "dependencies": {
        "@cashlab/common": "1.0.5"
      }
    },
    "node_modules/@cashlab/common": {
      "version": "1.0.5",
      "resolved": "https://registry.npmjs.org/@cashlab/common/-/common-1.0.5.tgz",
      "integrity": "sha512-qMzoOJSkWyWdttNn956MRb1dZHqVaB4s0HmQyn+4jOm4ipgLhazsRdJoa6elZeHSA6ofMEZpTXjXUQRSeTYjmw==",
      "license": "ISC",
      "dependencies": {
        "@bitauth/libauth": "3.1.0-next.6"
      }
    },
    "node_modules/@cashlab/common/node_modules/@bitauth/libauth": {
      "version": "3.1.0-next.6",
      "resolved": "https://registry.npmjs.org/@bitauth/libauth/-/libauth-3.1.0-next.6.tgz",
      "integrity": "sha512-FJ4ZChczVx779T6yElNGV1pWuyN4+mwF7P6ro+eFt5g6GPKqJe4S7YYBJySRGyER2CvTVnmx0gArzSbp/2u3oA==",
      "license": "MIT",
      "engines": {
        "node": "^12.20.0 || ^14.13.1 || >=16.0.0"
      }
    },
    "node_modules/@electrum-cash/debug-logs": {
      "version": "1.0.0",
      "resolved": "https://registry.npmjs.org/@electrum-cash/debug-logs/-/debug-logs-1.0.0.tgz",
      "integrity": "sha512-GU/CvRR9lZ0d8gy9CXGW7f//OHCIydBavv9q+JcxjGj8Xr7HwlGqHx+Wzhx9y3YmJrXfExpgClcd++gTjdEmzA==",
      "license": "MIT",
      "dependencies": {
        "debug": "^4.3.7"
      }
    },
    "node_modules/@electrum-cash/network": {
      "version": "4.3.0",
      "resolved": "https://registry.npmjs.org/@electrum-cash/network/-/network-4.3.0.tgz",
      "integrity": "sha512-1AWRc/Mq1GkA1X5GcEwQyDzPIL5LMsGcS/Q0mIeLSw0Lkb3Bau4haQJUXnbbPIYAdBphJIzDaRjXm+IIVM01Bw==",
      "license": "MIT",
      "dependencies": {
        "@electrum-cash/debug-logs": "^1.0.0",
        "@electrum-cash/socket": "^4.0.1",
        "@electrum-cash/web-socket": "^4.0.2",
        "async-mutex": "^0.5.0",
        "debug": "^4.3.2",
        "eventemitter3": "^5.0.1",
        "lossless-json": "^4.0.1"
      }
    },
    "node_modules/@electrum-cash/socket": {
      "version": "4.0.1",
      "resolved": "https://registry.npmjs.org/@electrum-cash/socket/-/socket-4.0.1.tgz",
      "integrity": "sha512-B76yix/29nBV/nwIh5rumy9xNOUQmlDPF6vVrPM9evSRq8fA6cNTBh1OnbQqG8ZX1/0eD3xs9TFFqipFmHS56w==",
      "license": "MIT"
    },
    "node_modules/@electrum-cash/web-socket": {
      "version": "4.0.3",
      "resolved": "https://registry.npmjs.org/@electrum-cash/web-socket/-/web-socket-4.0.3.tgz",
      "integrity": "sha512-ESV8f0lFSK/DFLqyq9RLLIvDw5nrI7McJcVw+YCeN/8m/0DdKEFsl3Xw2XvDvi+fef6XzG2odPasd8c4+jNQrA==",
      "license": "MIT",
      "dependencies": {
        "@electrum-cash/debug-logs": "^1.0.0",
        "@electrum-cash/socket": "^4.0.0",
        "@monsterbitar/isomorphic-ws": "^5.3.0",
        "@types/ws": "^8.5.5",
        "async-mutex": "^0.5.0",
        "eventemitter3": "^5.0.1",
        "lossless-json": "^4.0.1",
        "ws": "^8.13.0"
      }
    },
    "node_modules/@monsterbitar/isomorphic-ws": {
      "version": "5.3.1",
      "resolved": "https://registry.npmjs.org/@monsterbitar/isomorphic-ws/-/isomorphic-ws-5.3.1.tgz",
      "integrity": "sha512-BWfWUffbg3uO4K6Cyokg9ff43lPaXAOZcCnNe1lcjCjUMDVrRAb5qEHG5qeJp3ud2SPYbORaNsls5as6SR3oig==",
      "license": "MIT",
      "peerDependencies": {
        "ws": "*"
      }
    },
    "node_modules/@noble/ciphers": {
      "version": "2.1.1",
      "resolved": "https://registry.npmjs.org/@noble/ciphers/-/ciphers-2.1.1.tgz",
      "integrity": "sha512-bysYuiVfhxNJuldNXlFEitTVdNnYUc+XNJZd7Qm2a5j1vZHgY+fazadNFWFaMK/2vye0JVlxV3gHmC0WDfAOQw==",
      "license": "MIT",
      "engines": {
        "node": ">= 20.19.0"
      },
      "funding": {
        "url": "https://paulmillr.com/funding/"
      }
    },
    "node_modules/@noble/curves": {
      "version": "2.0.1",
      "resolved": "https://registry.npmjs.org/@noble/curves/-/curves-2.0.1.tgz",
      "integrity": "sha512-vs1Az2OOTBiP4q0pwjW5aF0xp9n4MxVrmkFBxc6EKZc6ddYx5gaZiAsZoq0uRRXWbi3AT/sBqn05eRPtn1JCPw==",
      "license": "MIT",
      "dependencies": {
        "@noble/hashes": "2.0.1"
      },
      "engines": {
        "node": ">= 20.19.0"
      },
      "funding": {
        "url": "https://paulmillr.com/funding/"
      }
    },
    "node_modules/@noble/hashes": {
      "version": "2.0.1",
      "resolved": "https://registry.npmjs.org/@noble/hashes/-/hashes-2.0.1.tgz",
      "integrity": "sha512-XlOlEbQcE9fmuXxrVTXCTlG2nlRXa9Rj3rr5Ue/+tX+nmkgbX720YHh0VR3hBF9xDvwnb8D2shVGOwNx+ulArw==",
      "license": "MIT",
      "engines": {
        "node": ">= 20.19.0"
      },
      "funding": {
        "url": "https://paulmillr.com/funding/"
      }
    },
    "node_modules/@scure/base": {
      "version": "2.0.0",
      "resolved": "https://registry.npmjs.org/@scure/base/-/base-2.0.0.tgz",
      "integrity": "sha512-3E1kpuZginKkek01ovG8krQ0Z44E3DHPjc5S2rjJw9lZn3KSQOs8S7wqikF/AH7iRanHypj85uGyxk0XAyC37w==",
      "license": "MIT",
      "funding": {
        "url": "https://paulmillr.com/funding/"
      }
    },
    "node_modules/@scure/bip32": {
      "version": "2.0.1",
      "resolved": "https://registry.npmjs.org/@scure/bip32/-/bip32-2.0.1.tgz",
      "integrity": "sha512-4Md1NI5BzoVP+bhyJaY3K6yMesEFzNS1sE/cP+9nuvE7p/b0kx9XbpDHHFl8dHtufcbdHRUUQdRqLIPHN/s7yA==",
      "license": "MIT",
      "dependencies": {
        "@noble/curves": "2.0.1",
        "@noble/hashes": "2.0.1",
        "@scure/base": "2.0.0"
      },
      "funding": {
        "url": "https://paulmillr.com/funding/"
      }
    },
    "node_modules/@scure/bip39": {
      "version": "2.0.1",
      "resolved": "https://registry.npmjs.org/@scure/bip39/-/bip39-2.0.1.tgz",
      "integrity": "sha512-PsxdFj/d2AcJcZDX1FXN3dDgitDDTmwf78rKZq1a6c1P1Nan1X/Sxc7667zU3U+AN60g7SxxP0YCVw2H/hBycg==",
      "license": "MIT",
      "dependencies": {
        "@noble/hashes": "2.0.1",
        "@scure/base": "2.0.0"
      },
      "funding": {
        "url": "https://paulmillr.com/funding/"
      }
    },
    "node_modules/@types/node": {
      "version": "26.6.1",
      "resolved": "https://registry.npmjs.org/@types/node/-/node-26.6.1.tgz",
      "integrity": "sha512-VqGJBMCtdhqkBUCcBLvywI0NJ+KLuVzgNnlBUNFOQjqVxzo2lxLUNg1DSey8+u2u6ktswSAxg+s68QLzWHNOuA==",
      "license": "MIT",
      "dependencies": {
        "undici-types": "~8.9.0"
      }
    },
    "node_modules/@types/ws": {
      "version": "8.18.1",
      "resolved": "https://registry.npmjs.org/@types/ws/-/ws-8.18.1.tgz",
      "integrity": "sha512-ThVF6DCVhA8kUGy+aazFQ4kXQ7E1Ty7A3ypFOe0IcJV8O/M511G99AW24irKrW56Wt44yG9+ij8FaqoBGkuBXg==",
      "license": "MIT",
      "dependencies": {
        "@types/node": "*"
      }
    },
    "node_modules/@wizardconnect/core": {
      "version": "0.2.4",
      "resolved": "https://registry.npmjs.org/@wizardconnect/core/-/core-0.2.4.tgz",
      "integrity": "sha512-CHcm3YWEdZHGSH6+Ml2H8LE4HCe2DWKX6PbzvGIaExYg1LGbiTXABPoBWMhCOibcQFz3BIgjfcewP29M0JFrUw==",
      "dependencies": {
        "@bch-wc2/interfaces": "^0.0.8",
        "@bitauth/libauth": "^3.1.0-next.2",
        "eventemitter3": "^5.0.1",
        "isomorphic-ws": "^5.0.0",
        "lossless-json": "^4.3.0",
        "nostr-tools": "^2.23.0",
        "ws": "^8.18.0"
      }
    },
    "node_modules/@wizardconnect/core/node_modules/@bch-wc2/interfaces": {
      "version": "0.0.8",
      "resolved": "https://registry.npmjs.org/@bch-wc2/interfaces/-/interfaces-0.0.8.tgz",
      "integrity": "sha512-gRt95azHVqoViGI4X3F1ObgTpYBh3//KaCHRBWSMJbAKNM09T+TA/h9kx9u9SZmE8otMtpFSy4awSHWHUQZmbg==",
      "license": "MIT",
      "peerDependencies": {
        "@bitauth/libauth": "^3.1.0-next.2"
      }
    },
    "node_modules/@wizardconnect/wallet": {
      "version": "0.2.3",
      "resolved": "https://registry.npmjs.org/@wizardconnect/wallet/-/wallet-0.2.3.tgz",
      "integrity": "sha512-god55ulA6nT5+VnL8pDypMr4ZqgkwvhNRswsnY3JBL6P6HHXVemM9PIciSIauTi7dBMqT3+4t3lD3dtJUU1gfA==",
      "dependencies": {
        "@bitauth/libauth": "^3.1.0-next.2",
        "@wizardconnect/core": "*",
        "eventemitter3": "^5.0.1"
      }
    },
    "node_modules/async-mutex": {
      "version": "0.5.0",
      "resolved": "https://registry.npmjs.org/async-mutex/-/async-mutex-0.5.0.tgz",
      "integrity": "sha512-1A94B18jkJ3DYq284ohPxoXbfTA5HsQ7/Mf4DEhcyLx3Bz27Rh59iScbB6EPiP+B+joue6YCxcMXSbFC1tZKwA==",
      "license": "MIT",
      "dependencies": {
        "tslib": "^2.4.0"
      }
    },
    "node_modules/debug": {
      "version": "4.4.3",
      "resolved": "https://registry.npmjs.org/debug/-/debug-4.4.3.tgz",
      "integrity": "sha512-RGwwWnwQvkVfavKVt22FGLw+xYSdzARwm0ru6DhTVA3umU5hZc28V3kO4stgYryrTlLpuvgI9GiijltAjNbcqA==",
      "license": "MIT",
      "dependencies": {
        "ms": "^2.1.3"
      },
      "engines": {
        "node": ">=6.0"
      },
      "peerDependenciesMeta": {
        "supports-color": {
          "optional": true
        }
      }
    },
    "node_modules/eventemitter3": {
      "version": "5.0.4",
      "resolved": "https://registry.npmjs.org/eventemitter3/-/eventemitter3-5.0.4.tgz",
      "integrity": "sha512-mlsTRyGaPBjPedk6Bvw+aqbsXDtoAyAzm5MO7JgU+yVRyMQ5O8bD4Kcci7BS85f93veegeCPkL8R4GLClnjLFw==",
      "license": "MIT"
    },
    "node_modules/isomorphic-ws": {
      "version": "5.0.0",
      "resolved": "https://registry.npmjs.org/isomorphic-ws/-/isomorphic-ws-5.0.0.tgz",
      "integrity": "sha512-muId7Zzn9ywDsyXgTIafTry2sV3nySZeUDe6YedVd1Hvuuep5AsIlqK+XefWpYTyJG5e503F2xIuT2lcU6rCSw==",
      "license": "MIT",
      "peerDependencies": {
        "ws": "*"
      }
    },
    "node_modules/lossless-json": {
      "version": "4.3.1",
      "resolved": "https://registry.npmjs.org/lossless-json/-/lossless-json-4.3.1.tgz",
      "integrity": "sha512-SqD/Bg3ZfltBJ2Z14hJ/BihnvtV553WO4g9/ePtlp4lrnl9jF3AdIJt53A/Wkg/0Li+LMfxaBqgx1MiFZdQlpQ==",
      "license": "MIT"
    },
    "node_modules/ms": {
      "version": "2.1.3",
      "resolved": "https://registry.npmjs.org/ms/-/ms-2.1.3.tgz",
      "integrity": "sha512-6FlzubTLZG3J2a/NVCAleEhjzq5oxgHyaCU9yYXvcLsvoVaHJq/s5xXI6/XXP6tz7R9xAOtHnSO/tXtF3WRTlA==",
      "license": "MIT"
    },
    "node_modules/nostr-tools": {
      "version": "2.25.2",
      "resolved": "https://registry.npmjs.org/nostr-tools/-/nostr-tools-2.25.2.tgz",
      "integrity": "sha512-7JAx+brEPmqGz1yzaK9MOxvis/Nl1B38j9hVsBSRDMRmxk5XSc0+5LlPEYbzeiUyk41RURBDcfuMzmaT754HAg==",
      "license": "Unlicense",
      "dependencies": {
        "@noble/ciphers": "2.1.1",
        "@noble/curves": "2.0.1",
        "@noble/hashes": "2.0.1",
        "@scure/base": "2.0.0",
        "@scure/bip32": "2.0.1",
        "@scure/bip39": "2.0.1",
        "nostr-wasm": "0.1.0"
      },
      "peerDependencies": {
        "typescript": ">=5.0.0"
      },
      "peerDependenciesMeta": {
        "typescript": {
          "optional": true
        }
      }
    },
    "node_modules/nostr-wasm": {
      "version": "0.1.0",
      "resolved": "https://registry.npmjs.org/nostr-wasm/-/nostr-wasm-0.1.0.tgz",
      "integrity": "sha512-78BTryCLcLYv96ONU8Ws3Q1JzjlAt+43pWQhIl86xZmWeegYCNLPml7yQ+gG3vR6V5h4XGj+TxO+SS5dsThQIA==",
      "license": "MIT"
    },
    "node_modules/tslib": {
      "version": "2.8.1",
      "resolved": "https://registry.npmjs.org/tslib/-/tslib-2.8.1.tgz",
      "integrity": "sha512-oJFu94HQb+KVduSUQL7wnpmqnfmLsOA/nAh6b6EH0wCEoK0/mPeXU6c3wKDV83MkOuHPRHtSXKKU99IBazS/2w==",
      "license": "0BSD"
    },
    "node_modules/undici-types": {
      "version": "8.9.0",
      "resolved": "https://registry.npmjs.org/undici-types/-/undici-types-8.9.0.tgz",
      "integrity": "sha512-KTDyRTYX8sWmKXAikPHHSyc63CRPETMctyjKFupcC6OBLXT3xsN0e9aF7m+mIXutFWpUXuedtowG7iLOzp0kQg==",
      "license": "MIT"
    },
    "node_modules/ws": {
      "version": "8.21.3",
      "resolved": "https://registry.npmjs.org/ws/-/ws-8.21.3.tgz",
      "integrity": "sha512-201TZ/kPWxoPr/OKWjquZR1SWKXcvxdH+e1xrx89b3YbmzLMFCLfnaG1HFIgWzJOEWZ7MvpK++odZufgYR50Rw==",
      "license": "MIT",
      "engines": {
        "node": ">=10.0.0"
      },
      "peerDependencies": {
        "bufferutil": "^4.0.1",
        "utf-8-validate": ">=5.0.2"
      },
      "peerDependenciesMeta": {
        "bufferutil": {
          "optional": true
        },
        "utf-8-validate": {
          "optional": true
        }
      }
    }
  }
}
